
Microsoft Visual Studio Solution File, Format Version 12.00
# Visual Studio Version 17
VisualStudioVersion = 17.7.34024.191
MinimumVisualStudioVersion = 10.0.40219.1
Project("{FAE04EC0-301F-11D3-BF4B-00C04F79EFBC}") = "ConsoleApp", "ConsoleApp\ConsoleApp.csproj", "{B407E162-A18F-424F-A6CB-325D065E978A}"
EndProject
Project("{FAE04EC0-301F-11D3-BF4B-00C04F79EFBC}") = "UnitTestProject", "UnitTestProject\UnitTestProject.csproj", "{3DC7005B-78EB-4143-BD2D-49B8901DBE41}"
EndProject
Project("{2150E333-8FDC-42A3-9474-1A3956D46DE8}") = "Docs", "Docs", "{4FB299BE-DD6C-4AAD-A753-F4C23B709D0B}"
	ProjectSection(SolutionItems) = preProject
		Docs\Bracket Matching  Source Code.docx = Docs\Bracket Matching  Source Code.docx
		Docs\Bracket Matching Use Case And Testing.docx = Docs\Bracket Matching Use Case And Testing.docx
		Docs\Technical Assessment - JobNimbus.pdf = Docs\Technical Assessment - JobNimbus.pdf
	EndProjectSection
EndProject
Global
	GlobalSection(SolutionConfigurationPlatforms) = preSolution
		Debug|Any CPU = Debug|Any CPU
		Release|Any CPU = Release|Any CPU
	EndGlobalSection
	GlobalSection(ProjectConfigurationPlatforms) = postSolution
		{B407E162-A18F-424F-A6CB-325D065E978A}.Debug|Any CPU.ActiveCfg = Debug|Any CPU
		{B407E162-A18F-424F-A6CB-325D065E978A}.Debug|Any CPU.Build.0 = Debug|Any CPU
		{B407E162-A18F-424F-A6CB-325D065E978A}.Release|Any CPU.ActiveCfg = Release|Any CPU
		{B407E162-A18F-424F-A6CB-325D065E978A}.Release|Any CPU.Build.0 = Release|Any CPU
		{3DC7005B-78EB-4143-BD2D-49B8901DBE41}.Debug|Any CPU.ActiveCfg = Debug|Any CPU
		{3DC7005B-78EB-4143-BD2D-49B8901DBE41}.Debug|Any CPU.Build.0 = Debug|Any CPU
		{3DC7005B-78EB-4143-BD2D-49B8901DBE41}.Release|Any CPU.ActiveCfg = Release|Any CPU
		{3DC7005B-78EB-4143-BD2D-49B8901DBE41}.Release|Any CPU.Build.0 = Release|Any CPU
	EndGlobalSection
	GlobalSection(SolutionProperties) = preSolution
		HideSolutionNode = FALSE
	EndGlobalSection
	GlobalSection(ExtensibilityGlobals) = postSolution
		SolutionGuid = {29091F6C-A61B-4907-B845-1F19BD8D9AD5}
	EndGlobalSection
EndGlobal
